
Microsoft Visual Studio Solution File, Format Version 12.00
# Visual Studio Version 17
VisualStudioVersion = 17.9.34714.143
MinimumVisualStudioVersion = 10.0.40219.1
Project("{FAE04EC0-301F-11D3-BF4B-00C04F79EFBC}") = "HRM-API", "HRM-API\HRM-API.csproj", "{675D4FB2-A838-4DD3-B743-12DDC3883543}"
EndProject
Global
	GlobalSection(SolutionConfigurationPlatforms) = preSolution
		Debug|Any CPU = Debug|Any CPU
		Release|Any CPU = Release|Any CPU
	EndGlobalSection
	GlobalSection(ProjectConfigurationPlatforms) = postSolution
		{675D4FB2-A838-4DD3-B743-12DDC3883543}.Debug|Any CPU.ActiveCfg = Debug|Any CPU
		{675D4FB2-A838-4DD3-B743-12DDC3883543}.Debug|Any CPU.Build.0 = Debug|Any CPU
		{675D4FB2-A838-4DD3-B743-12DDC3883543}.Release|Any CPU.ActiveCfg = Release|Any CPU
		{675D4FB2-A838-4DD3-B743-12DDC3883543}.Release|Any CPU.Build.0 = Release|Any CPU
	EndGlobalSection
	GlobalSection(SolutionProperties) = preSolution
		HideSolutionNode = FALSE
	EndGlobalSection
	GlobalSection(ExtensibilityGlobals) = postSolution
		SolutionGuid = {38301B24-4B4C-4AB3-BA76-1C6661DB840D}
	EndGlobalSection
EndGlobal
